Microsoft Visual Studio Solution File, Format Version 12.00
# Visual Studio Version 17
VisualStudioVersion = 17.5.2.0
MinimumVisualStudioVersion = 10.0.40219.1
Project("{2150E333-8FDC-42A3-9474-1A3956D46DE8}") = "src", "src", "{827E0CD3-B72D-47B6-A68D-7590B98EB39B}"
EndProject
Project("{2150E333-8FDC-42A3-9474-1A3956D46DE8}") = "tests", "tests", "{0AB3BF05-4346-4AA6-1389-037BE0695223}"
EndProject
Project("{FAE04EC0-301F-11D3-BF4B-00C04F79EFBC}") = "HealthCore.Api", "src\Api\HealthCore.Api.csproj", "{6179EE17-BFE3-9CBB-68E8-C727495DF707}"
EndProject
Project("{FAE04EC0-301F-11D3-BF4B-00C04F79EFBC}") = "HealthCore.Api.Tests", "tests\Api.Tests\HealthCore.Api.Tests.csproj", "{7B01EF27-103B-A83A-F7E9-E516E62C6154}"
EndProject
Global
	GlobalSection(SolutionConfigurationPlatforms) = preSolution
		Debug|Any CPU = Debug|Any CPU
		Release|Any CPU = Release|Any CPU
	EndGlobalSection
	GlobalSection(ProjectConfigurationPlatforms) = postSolution
		{6179EE17-BFE3-9CBB-68E8-C727495DF707}.Debug|Any CPU.ActiveCfg = Debug|Any CPU
		{6179EE17-BFE3-9CBB-68E8-C727495DF707}.Debug|Any CPU.Build.0 = Debug|Any CPU
		{6179EE17-BFE3-9CBB-68E8-C727495DF707}.Release|Any CPU.ActiveCfg = Release|Any CPU
		{6179EE17-BFE3-9CBB-68E8-C727495DF707}.Release|Any CPU.Build.0 = Release|Any CPU
		{7B01EF27-103B-A83A-F7E9-E516E62C6154}.Debug|Any CPU.ActiveCfg = Debug|Any CPU
		{7B01EF27-103B-A83A-F7E9-E516E62C6154}.Debug|Any CPU.Build.0 = Debug|Any CPU
		{7B01EF27-103B-A83A-F7E9-E516E62C6154}.Release|Any CPU.ActiveCfg = Release|Any CPU
		{7B01EF27-103B-A83A-F7E9-E516E62C6154}.Release|Any CPU.Build.0 = Release|Any CPU
	EndGlobalSection
	GlobalSection(SolutionProperties) = preSolution
		HideSolutionNode = FALSE
	EndGlobalSection
	GlobalSection(NestedProjects) = preSolution
		{6179EE17-BFE3-9CBB-68E8-C727495DF707} = {827E0CD3-B72D-47B6-A68D-7590B98EB39B}
		{7B01EF27-103B-A83A-F7E9-E516E62C6154} = {0AB3BF05-4346-4AA6-1389-037BE0695223}
	EndGlobalSection
	GlobalSection(ExtensibilityGlobals) = postSolution
		SolutionGuid = {C1D23B79-74A1-44C3-BCDE-37DE95C460EE}
	EndGlobalSection
EndGlobal
